// !$*UTF8*$!
{
	archiveVersion = 1;
	classes = {
	};
	objectVersion = 51;
	objects = {

/* Begin PBXBuildFile section */
		B29F8B43247646733C46887A /* Pods_Radity.framework in Frameworks */ = {isa = PBXBuildFile; fileRef = A4E6AB228864149E26AEBA7D /* Pods_Radity.framework */; };
		C51BC76123BF57DD0071ACCA /* Coins.swift in Sources */ = {isa = PBXBuildFile; fileRef = C51BC76023BF57DD0071ACCA /* Coins.swift */; };
		C522554C23ACF446006FC01D /* UIColor+Extension.swift in Sources */ = {isa = PBXBuildFile; fileRef = C522554B23ACF446006FC01D /* UIColor+Extension.swift */; };
		C522555023B110F8006FC01D /* TabBarController.swift in Sources */ = {isa = PBXBuildFile; fileRef = C522554F23B110F8006FC01D /* TabBarController.swift */; };
		C522555223B11144006FC01D /* HomeViewController.swift in Sources */ = {isa = PBXBuildFile; fileRef = C522555123B11144006FC01D /* HomeViewController.swift */; };
		C522555423B1115F006FC01D /* PortfoliosViewController.swift in Sources */ = {isa = PBXBuildFile; fileRef = C522555323B1115F006FC01D /* PortfoliosViewController.swift */; };
		C522555623B1116D006FC01D /* MarketViewController.swift in Sources */ = {isa = PBXBuildFile; fileRef = C522555523B1116D006FC01D /* MarketViewController.swift */; };
		C53A887223B9DD460036B0FD /* UITabBar+Extension.swift in Sources */ = {isa = PBXBuildFile; fileRef = C53A887123B9DD460036B0FD /* UITabBar+Extension.swift */; };
		C54C15AA23C4A0F800B5972C /* JSONDecoder+Extension.swift in Sources */ = {isa = PBXBuildFile; fileRef = C54C15A923C4A0F800B5972C /* JSONDecoder+Extension.swift */; };
		C5B3C6FD23BA343200C56856 /* ShapeBuilder.swift in Sources */ = {isa = PBXBuildFile; fileRef = C5B3C6FC23BA343200C56856 /* ShapeBuilder.swift */; };
		C5B3C6FF23BA386200C56856 /* SliderViewController.swift in Sources */ = {isa = PBXBuildFile; fileRef = C5B3C6FE23BA386200C56856 /* SliderViewController.swift */; };
		C5B3C70123BE2BED00C56856 /* CurrencyCell.swift in Sources */ = {isa = PBXBuildFile; fileRef = C5B3C70023BE2BED00C56856 /* CurrencyCell.swift */; };
		C5B8349A23ABA6A000575877 /* Launch Screen.storyboard in Resources */ = {isa = PBXBuildFile; fileRef = C5B8349923ABA6A000575877 /* Launch Screen.storyboard */; };
		C5B8349D23ABA92100575877 /* ViewBuilder.swift in Sources */ = {isa = PBXBuildFile; fileRef = C5B8349B23ABA92100575877 /* ViewBuilder.swift */; };
		C5B8349E23ABA92100575877 /* UIView+Extension.swift in Sources */ = {isa = PBXBuildFile; fileRef = C5B8349C23ABA92100575877 /* UIView+Extension.swift */; };
		C5B834A223ABABFF00575877 /* LoginViewController.swift in Sources */ = {isa = PBXBuildFile; fileRef = C5B834A123ABABFF00575877 /* LoginViewController.swift */; };
		C5B8D3BB23C70B4500092D01 /* NotificationViewController.swift in Sources */ = {isa = PBXBuildFile; fileRef = C5B8D3BA23C70B4500092D01 /* NotificationViewController.swift */; };
		C5B8D3BD23C70B9A00092D01 /* WalletViewController.swift in Sources */ = {isa = PBXBuildFile; fileRef = C5B8D3BC23C70B9A00092D01 /* WalletViewController.swift */; };
		C5D0FD6823AA6D9C00D7CF02 /* AppDelegate.swift in Sources */ = {isa = PBXBuildFile; fileRef = C5D0FD6723AA6D9C00D7CF02 /* AppDelegate.swift */; };
		C5D0FD6A23AA6D9C00D7CF02 /* SceneDelegate.swift in Sources */ = {isa = PBXBuildFile; fileRef = C5D0FD6923AA6D9C00D7CF02 /* SceneDelegate.swift */; };
		C5D0FD6F23AA6D9C00D7CF02 /* Main.storyboard in Resources */ = {isa = PBXBuildFile; fileRef = C5D0FD6D23AA6D9C00D7CF02 /* Main.storyboard */; };
		C5D0FD7123AA6D9F00D7CF02 /* Assets.xcassets in Resources */ = {isa = PBXBuildFile; fileRef = C5D0FD7023AA6D9F00D7CF02 /* Assets.xcassets */; };
		C5DC3DDD23C478EE000CB125 /* MarketService.swift in Sources */ = {isa = PBXBuildFile; fileRef = C5DC3DDC23C478EE000CB125 /* MarketService.swift */; };
/* End PBXBuildFile section */

/* Begin PBXFileReference section */
		93E416CFC32B6FE34292FC37 /* Pods-Radity.release.xcconfig */ = {isa = PBXFileReference; includeInIndex = 1; lastKnownFileType = text.xcconfig; name = "Pods-Radity.release.xcconfig"; path = "Target Support Files/Pods-Radity/Pods-Radity.release.xcconfig"; sourceTree = "<group>"; };
		9FFB626795544113C270A45B /* Pods-Radity.debug.xcconfig */ = {isa = PBXFileReference; includeInIndex = 1; lastKnownFileType = text.xcconfig; name = "Pods-Radity.debug.xcconfig"; path = "Target Support Files/Pods-Radity/Pods-Radity.debug.xcconfig"; sourceTree = "<group>"; };
		A4E6AB228864149E26AEBA7D /* Pods_Radity.framework */ = {isa = PBXFileReference; explicitFileType = wrapper.framework; includeInIndex = 0; path = Pods_Radity.framework; sourceTree = BUILT_PRODUCTS_DIR; };
		C51BC76023BF57DD0071ACCA /* Coins.swift */ = {isa = PBXFileReference; lastKnownFileType = sourcecode.swift; path = Coins.swift; sourceTree = "<group>"; };
		C522554B23ACF446006FC01D /* UIColor+Extension.swift */ = {isa = PBXFileReference; lastKnownFileType = sourcecode.swift; path = "UIColor+Extension.swift"; sourceTree = "<group>"; };
		C522554F23B110F8006FC01D /* TabBarController.swift */ = {isa = PBXFileReference; lastKnownFileType = sourcecode.swift; path = TabBarController.swift; sourceTree = "<group>"; };
		C522555123B11144006FC01D /* HomeViewController.swift */ = {isa = PBXFileReference; lastKnownFileType = sourcecode.swift; path = HomeViewController.swift; sourceTree = "<group>"; };
		C522555323B1115F006FC01D /* PortfoliosViewController.swift */ = {isa = PBXFileReference; lastKnownFileType = sourcecode.swift; path = PortfoliosViewController.swift; sourceTree = "<group>"; };
		C522555523B1116D006FC01D /* MarketViewController.swift */ = {isa = PBXFileReference; lastKnownFileType = sourcecode.swift; path = MarketViewController.swift; sourceTree = "<group>"; };
		C53A887123B9DD460036B0FD /* UITabBar+Extension.swift */ = {isa = PBXFileReference; lastKnownFileType = sourcecode.swift; path = "UITabBar+Extension.swift"; sourceTree = "<group>"; };
		C54C15A923C4A0F800B5972C /* JSONDecoder+Extension.swift */ = {isa = PBXFileReference; lastKnownFileType = sourcecode.swift; path = "JSONDecoder+Extension.swift"; sourceTree = "<group>"; };
		C5B3C6FC23BA343200C56856 /* ShapeBuilder.swift */ = {isa = PBXFileReference; lastKnownFileType = sourcecode.swift; path = ShapeBuilder.swift; sourceTree = "<group>"; };
		C5B3C6FE23BA386200C56856 /* SliderViewController.swift */ = {isa = PBXFileReference; fileEncoding = 4; lastKnownFileType = sourcecode.swift; path = SliderViewController.swift; sourceTree = "<group>"; };
		C5B3C70023BE2BED00C56856 /* CurrencyCell.swift */ = {isa = PBXFileReference; lastKnownFileType = sourcecode.swift; path = CurrencyCell.swift; sourceTree = "<group>"; };
		C5B8349923ABA6A000575877 /* Launch Screen.storyboard */ = {isa = PBXFileReference; lastKnownFileType = file.storyboard; path = "Launch Screen.storyboard"; sourceTree = "<group>"; };
		C5B8349B23ABA92100575877 /* ViewBuilder.swift */ = {isa = PBXFileReference; fileEncoding = 4; lastKnownFileType = sourcecode.swift; path = ViewBuilder.swift; sourceTree = "<group>"; };
		C5B8349C23ABA92100575877 /* UIView+Extension.swift */ = {isa = PBXFileReference; fileEncoding = 4; lastKnownFileType = sourcecode.swift; path = "UIView+Extension.swift"; sourceTree = "<group>"; };
		C5B834A123ABABFF00575877 /* LoginViewController.swift */ = {isa = PBXFileReference; lastKnownFileType = sourcecode.swift; path = LoginViewController.swift; sourceTree = "<group>"; };
		C5B8D3BA23C70B4500092D01 /* NotificationViewController.swift */ = {isa = PBXFileReference; lastKnownFileType = sourcecode.swift; path = NotificationViewController.swift; sourceTree = "<group>"; };
		C5B8D3BC23C70B9A00092D01 /* WalletViewController.swift */ = {isa = PBXFileReference; lastKnownFileType = sourcecode.swift; path = WalletViewController.swift; sourceTree = "<group>"; };
		C5D0FD6423AA6D9C00D7CF02 /* Radity.app */ = {isa = PBXFileReference; explicitFileType = wrapper.application; includeInIndex = 0; path = Radity.app; sourceTree = BUILT_PRODUCTS_DIR; };
		C5D0FD6723AA6D9C00D7CF02 /* AppDelegate.swift */ = {isa = PBXFileReference; lastKnownFileType = sourcecode.swift; path = AppDelegate.swift; sourceTree = "<group>"; };
		C5D0FD6923AA6D9C00D7CF02 /* SceneDelegate.swift */ = {isa = PBXFileReference; lastKnownFileType = sourcecode.swift; path = SceneDelegate.swift; sourceTree = "<group>"; };
		C5D0FD6E23AA6D9C00D7CF02 /* Base */ = {isa = PBXFileReference; lastKnownFileType = file.storyboard; name = Base; path = Base.lproj/Main.storyboard; sourceTree = "<group>"; };
		C5D0FD7023AA6D9F00D7CF02 /* Assets.xcassets */ = {isa = PBXFileReference; lastKnownFileType = folder.assetcatalog; path = Assets.xcassets; sourceTree = "<group>"; };
		C5D0FD7523AA6D9F00D7CF02 /* Info.plist */ = {isa = PBXFileReference; lastKnownFileType = text.plist.xml; path = Info.plist; sourceTree = "<group>"; };
		C5DC3DDC23C478EE000CB125 /* MarketService.swift */ = {isa = PBXFileReference; lastKnownFileType = sourcecode.swift; path = MarketService.swift; sourceTree = "<group>"; };
/* End PBXFileReference section */

/* Begin PBXFrameworksBuildPhase section */
		C5D0FD6123AA6D9C00D7CF02 /* Frameworks */ = {
			isa = PBXFrameworksBuildPhase;
			buildActionMask = 2147483647;
			files = (
				B29F8B43247646733C46887A /* Pods_Radity.framework in Frameworks */,
			);
			runOnlyForDeploymentPostprocessing = 0;
		};
/* End PBXFrameworksBuildPhase section */

/* Begin PBXGroup section */
		328242E59306D8CD5923CB8D /* Pods */ = {
			isa = PBXGroup;
			children = (
				9FFB626795544113C270A45B /* Pods-Radity.debug.xcconfig */,
				93E416CFC32B6FE34292FC37 /* Pods-Radity.release.xcconfig */,
			);
			path = Pods;
			sourceTree = "<group>";
		};
		5377FC493DCBEA2DAC334532 /* Frameworks */ = {
			isa = PBXGroup;
			children = (
				A4E6AB228864149E26AEBA7D /* Pods_Radity.framework */,
			);
			name = Frameworks;
			sourceTree = "<group>";
		};
		C51BC75F23BF57C70071ACCA /* Models */ = {
			isa = PBXGroup;
			children = (
				C51BC76023BF57DD0071ACCA /* Coins.swift */,
			);
			path = Models;
			sourceTree = "<group>";
		};
		C522554A23ACF423006FC01D /* Extensions */ = {
			isa = PBXGroup;
			children = (
				C522554B23ACF446006FC01D /* UIColor+Extension.swift */,
				C53A887123B9DD460036B0FD /* UITabBar+Extension.swift */,
				C5B8349C23ABA92100575877 /* UIView+Extension.swift */,
				C54C15A923C4A0F800B5972C /* JSONDecoder+Extension.swift */,
			);
			path = Extensions;
			sourceTree = "<group>";
		};
		C5B834A323ABACD800575877 /* Utilities */ = {
			isa = PBXGroup;
			children = (
				C5B8349B23ABA92100575877 /* ViewBuilder.swift */,
				C5B3C6FC23BA343200C56856 /* ShapeBuilder.swift */,
			);
			path = Utilities;
			sourceTree = "<group>";
		};
		C5B834A423ABACF700575877 /* View Controllers */ = {
			isa = PBXGroup;
			children = (
				C5B834A123ABABFF00575877 /* LoginViewController.swift */,
				C522554F23B110F8006FC01D /* TabBarController.swift */,
				C522555123B11144006FC01D /* HomeViewController.swift */,
				C522555323B1115F006FC01D /* PortfoliosViewController.swift */,
				C522555523B1116D006FC01D /* MarketViewController.swift */,
				C5B3C6FE23BA386200C56856 /* SliderViewController.swift */,
				C5B3C70023BE2BED00C56856 /* CurrencyCell.swift */,
				C5B8D3BA23C70B4500092D01 /* NotificationViewController.swift */,
				C5B8D3BC23C70B9A00092D01 /* WalletViewController.swift */,
			);
			path = "View Controllers";
			sourceTree = "<group>";
		};
		C5D0FD5B23AA6D9C00D7CF02 = {
			isa = PBXGroup;
			children = (
				C5D0FD6623AA6D9C00D7CF02 /* Radity */,
				C5D0FD6523AA6D9C00D7CF02 /* Products */,
				328242E59306D8CD5923CB8D /* Pods */,
				5377FC493DCBEA2DAC334532 /* Frameworks */,
			);
			sourceTree = "<group>";
		};
		C5D0FD6523AA6D9C00D7CF02 /* Products */ = {
			isa = PBXGroup;
			children = (
				C5D0FD6423AA6D9C00D7CF02 /* Radity.app */,
			);
			name = Products;
			sourceTree = "<group>";
		};
		C5D0FD6623AA6D9C00D7CF02 /* Radity */ = {
			isa = PBXGroup;
			children = (
				C5DC3DDB23C47830000CB125 /* Service Manager */,
				C51BC75F23BF57C70071ACCA /* Models */,
				C522554A23ACF423006FC01D /* Extensions */,
				C5B834A423ABACF700575877 /* View Controllers */,
				C5B834A323ABACD800575877 /* Utilities */,
				C5D0FD6723AA6D9C00D7CF02 /* AppDelegate.swift */,
				C5D0FD6923AA6D9C00D7CF02 /* SceneDelegate.swift */,
				C5D0FD6D23AA6D9C00D7CF02 /* Main.storyboard */,
				C5D0FD7023AA6D9F00D7CF02 /* Assets.xcassets */,
				C5D0FD7523AA6D9F00D7CF02 /* Info.plist */,
				C5B8349923ABA6A000575877 /* Launch Screen.storyboard */,
			);
			path = Radity;
			sourceTree = "<group>";
		};
		C5DC3DDB23C47830000CB125 /* Service Manager */ = {
			isa = PBXGroup;
			children = (
				C5DC3DDC23C478EE000CB125 /* MarketService.swift */,
			);
			path = "Service Manager";
			sourceTree = "<group>";
		};
/* End PBXGroup section */

/* Begin PBXNativeTarget section */
		C5D0FD6323AA6D9C00D7CF02 /* Radity */ = {
			isa = PBXNativeTarget;
			buildConfigurationList = C5D0FD7823AA6D9F00D7CF02 /* Build configuration list for PBXNativeTarget "Radity" */;
			buildPhases = (
				11CFEF10CE69E71C3C4F88A2 /* [CP] Check Pods Manifest.lock */,
				C5D0FD6023AA6D9C00D7CF02 /* Sources */,
				C5D0FD6123AA6D9C00D7CF02 /* Frameworks */,
				C5D0FD6223AA6D9C00D7CF02 /* Resources */,
				44A35D0A5565E827BF3EC9EE /* [CP] Embed Pods Frameworks */,
			);
			buildRules = (
			);
			dependencies = (
			);
			name = Radity;
			productName = Radity;
			productReference = C5D0FD6423AA6D9C00D7CF02 /* Radity.app */;
			productType = "com.apple.product-type.application";
		};
/* End PBXNativeTarget section */

/* Begin PBXProject section */
		C5D0FD5C23AA6D9C00D7CF02 /* Project object */ = {
			isa = PBXProject;
			attributes = {
				LastSwiftUpdateCheck = 1130;
				LastUpgradeCheck = 1130;
				ORGANIZATIONNAME = "Neha Yadav";
				TargetAttributes = {
					C5D0FD6323AA6D9C00D7CF02 = {
						CreatedOnToolsVersion = 11.3;
					};
				};
			};
			buildConfigurationList = C5D0FD5F23AA6D9C00D7CF02 /* Build configuration list for PBXProject "Radity" */;
			compatibilityVersion = "Xcode 9.3";
			developmentRegion = en;
			hasScannedForEncodings = 0;
			knownRegions = (
				en,
				Base,
			);
			mainGroup = C5D0FD5B23AA6D9C00D7CF02;
			productRefGroup = C5D0FD6523AA6D9C00D7CF02 /* Products */;
			projectDirPath = "";
			projectRoot = "";
			targets = (
				C5D0FD6323AA6D9C00D7CF02 /* Radity */,
			);
		};
/* End PBXProject section */

/* Begin PBXResourcesBuildPhase section */
		C5D0FD6223AA6D9C00D7CF02 /* Resources */ = {
			isa = PBXResourcesBuildPhase;
			buildActionMask = 2147483647;
			files = (
				C5B8349A23ABA6A000575877 /* Launch Screen.storyboard in Resources */,
				C5D0FD7123AA6D9F00D7CF02 /* Assets.xcassets in Resources */,
				C5D0FD6F23AA6D9C00D7CF02 /* Main.storyboard in Resources */,
			);
			runOnlyForDeploymentPostprocessing = 0;
		};
/* End PBXResourcesBuildPhase section */

/* Begin PBXShellScriptBuildPhase section */
		11CFEF10CE69E71C3C4F88A2 /* [CP] Check Pods Manifest.lock */ = {
			isa = PBXShellScriptBuildPhase;
			buildActionMask = 2147483647;
			files = (
			);
			inputFileListPaths = (
			);
			inputPaths = (
				"${PODS_PODFILE_DIR_PATH}/Podfile.lock",
				"${PODS_ROOT}/Manifest.lock",
			);
			name = "[CP] Check Pods Manifest.lock";
			outputFileListPaths = (
			);
			outputPaths = (
				"$(DERIVED_FILE_DIR)/Pods-Radity-checkManifestLockResult.txt",
			);
			runOnlyForDeploymentPostprocessing = 0;
			shellPath = /bin/sh;
			shellScript = "diff \"${PODS_PODFILE_DIR_PATH}/Podfile.lock\" \"${PODS_ROOT}/Manifest.lock\" > /dev/null\nif [ $? != 0 ] ; then\n    # print error to STDERR\n    echo \"error: The sandbox is not in sync with the Podfile.lock. Run 'pod install' or update your CocoaPods installation.\" >&2\n    exit 1\nfi\n# This output is used by Xcode 'outputs' to avoid re-running this script phase.\necho \"SUCCESS\" > \"${SCRIPT_OUTPUT_FILE_0}\"\n";
			showEnvVarsInLog = 0;
		};
		44A35D0A5565E827BF3EC9EE /* [CP] Embed Pods Frameworks */ = {
			isa = PBXShellScriptBuildPhase;
			buildActionMask = 2147483647;
			files = (
			);
			inputFileListPaths = (
				"${PODS_ROOT}/Target Support Files/Pods-Radity/Pods-Radity-frameworks-${CONFIGURATION}-input-files.xcfilelist",
			);
			name = "[CP] Embed Pods Frameworks";
			outputFileListPaths = (
				"${PODS_ROOT}/Target Support Files/Pods-Radity/Pods-Radity-frameworks-${CONFIGURATION}-output-files.xcfilelist",
			);
			runOnlyForDeploymentPostprocessing = 0;
			shellPath = /bin/sh;
			shellScript = "\"${PODS_ROOT}/Target Support Files/Pods-Radity/Pods-Radity-frameworks.sh\"\n";
			showEnvVarsInLog = 0;
		};
/* End PBXShellScriptBuildPhase section */

/* Begin PBXSourcesBuildPhase section */
		C5D0FD6023AA6D9C00D7CF02 /* Sources */ = {
			isa = PBXSourcesBuildPhase;
			buildActionMask = 2147483647;
			files = (
				C5B3C6FD23BA343200C56856 /* ShapeBuilder.swift in Sources */,
				C5D0FD6823AA6D9C00D7CF02 /* AppDelegate.swift in Sources */,
				C5B3C6FF23BA386200C56856 /* SliderViewController.swift in Sources */,
				C5DC3DDD23C478EE000CB125 /* MarketService.swift in Sources */,
				C51BC76123BF57DD0071ACCA /* Coins.swift in Sources */,
				C5B8D3BD23C70B9A00092D01 /* WalletViewController.swift in Sources */,
				C53A887223B9DD460036B0FD /* UITabBar+Extension.swift in Sources */,
				C5B3C70123BE2BED00C56856 /* CurrencyCell.swift in Sources */,
				C522555023B110F8006FC01D /* TabBarController.swift in Sources */,
				C5B8349E23ABA92100575877 /* UIView+Extension.swift in Sources */,
				C522555623B1116D006FC01D /* MarketViewController.swift in Sources */,
				C54C15AA23C4A0F800B5972C /* JSONDecoder+Extension.swift in Sources */,
				C5B8349D23ABA92100575877 /* ViewBuilder.swift in Sources */,
				C522555423B1115F006FC01D /* PortfoliosViewController.swift in Sources */,
				C522555223B11144006FC01D /* HomeViewController.swift in Sources */,
				C5B8D3BB23C70B4500092D01 /* NotificationViewController.swift in Sources */,
				C522554C23ACF446006FC01D /* UIColor+Extension.swift in Sources */,
				C5D0FD6A23AA6D9C00D7CF02 /* SceneDelegate.swift in Sources */,
				C5B834A223ABABFF00575877 /* LoginViewController.swift in Sources */,
			);
			runOnlyForDeploymentPostprocessing = 0;
		};
/* End PBXSourcesBuildPhase section */

/* Begin PBXVariantGroup section */
		C5D0FD6D23AA6D9C00D7CF02 /* Main.storyboard */ = {
			isa = PBXVariantGroup;
			children = (
				C5D0FD6E23AA6D9C00D7CF02 /* Base */,
			);
			name = Main.storyboard;
			sourceTree = "<group>";
		};
/* End PBXVariantGroup section */

/* Begin XCBuildConfiguration section */
		C5D0FD7623AA6D9F00D7CF02 /* Debug */ = {
			isa = XCBuildConfiguration;
			buildSettings = {
				ALWAYS_SEARCH_USER_PATHS = NO;
				CLANG_ANALYZER_NONNULL = YES;
				CLANG_ANALYZER_NUMBER_OBJECT_CONVERSION = YES_AGGRESSIVE;
				CLANG_CXX_LANGUAGE_STANDARD = "gnu++14";
				CLANG_CXX_LIBRARY = "libc++";
				CLANG_ENABLE_MODULES = YES;
				CLANG_ENABLE_OBJC_ARC = YES;
				CLANG_ENABLE_OBJC_WEAK = YES;
				CLANG_WARN_BLOCK_CAPTURE_AUTORELEASING = YES;
				CLANG_WARN_BOOL_CONVERSION = YES;
				CLANG_WARN_COMMA = YES;
				CLANG_WARN_CONSTANT_CONVERSION = YES;
				CLANG_WARN_DEPRECATED_OBJC_IMPLEMENTATIONS = YES;
				CLANG_WARN_DIRECT_OBJC_ISA_USAGE = YES_ERROR;
				CLANG_WARN_DOCUMENTATION_COMMENTS = YES;
				CLANG_WARN_EMPTY_BODY = YES;
				CLANG_WARN_ENUM_CONVERSION = YES;
				CLANG_WARN_INFINITE_RECURSION = YES;
				CLANG_WARN_INT_CONVERSION = YES;
				CLANG_WARN_NON_LITERAL_NULL_CONVERSION = YES;
				CLANG_WARN_OBJC_IMPLICIT_RETAIN_SELF = YES;
				CLANG_WARN_OBJC_LITERAL_CONVERSION = YES;
				CLANG_WARN_OBJC_ROOT_CLASS = YES_ERROR;
				CLANG_WARN_RANGE_LOOP_ANALYSIS = YES;
				CLANG_WARN_STRICT_PROTOTYPES = YES;
				CLANG_WARN_SUSPICIOUS_MOVE = YES;
				CLANG_WARN_UNGUARDED_AVAILABILITY = YES_AGGRESSIVE;
				CLANG_WARN_UNREACHABLE_CODE = YES;
				CLANG_WARN__DUPLICATE_METHOD_MATCH = YES;
				COPY_PHASE_STRIP = NO;
				DEBUG_INFORMATION_FORMAT = dwarf;
				ENABLE_STRICT_OBJC_MSGSEND = YES;
				ENABLE_TESTABILITY = YES;
				GCC_C_LANGUAGE_STANDARD = gnu11;
				GCC_DYNAMIC_NO_PIC = NO;
				GCC_NO_COMMON_BLOCKS = YES;
				GCC_OPTIMIZATION_LEVEL = 0;
				GCC_PREPROCESSOR_DEFINITIONS = (
					"DEBUG=1",
					"$(inherited)",
				);
				GCC_WARN_64_TO_32_BIT_CONVERSION = YES;
				GCC_WARN_ABOUT_RETURN_TYPE = YES_ERROR;
				GCC_WARN_UNDECLARED_SELECTOR = YES;
				GCC_WARN_UNINITIALIZED_AUTOS = YES_AGGRESSIVE;
				GCC_WARN_UNUSED_FUNCTION = YES;
				GCC_WARN_UNUSED_VARIABLE = YES;
				IPHONEOS_DEPLOYMENT_TARGET = 13.2;
				MTL_ENABLE_DEBUG_INFO = INCLUDE_SOURCE;
				MTL_FAST_MATH = YES;
				ONLY_ACTIVE_ARCH = YES;
				SDKROOT = iphoneos;
				SWIFT_ACTIVE_COMPILATION_CONDITIONS = DEBUG;
				SWIFT_OPTIMIZATION_LEVEL = "-Onone";
			};
			name = Debug;
		};
		C5D0FD7723AA6D9F00D7CF02 /* Release */ = {
			isa = XCBuildConfiguration;
			buildSettings = {
				ALWAYS_SEARCH_USER_PATHS = NO;
				CLANG_ANALYZER_NONNULL = YES;
				CLANG_ANALYZER_NUMBER_OBJECT_CONVERSION = YES_AGGRESSIVE;
				CLANG_CXX_LANGUAGE_STANDARD = "gnu++14";
				CLANG_CXX_LIBRARY = "libc++";
				CLANG_ENABLE_MODULES = YES;
				CLANG_ENABLE_OBJC_ARC = YES;
				CLANG_ENABLE_OBJC_WEAK = YES;
				CLANG_WARN_BLOCK_CAPTURE_AUTORELEASING = YES;
				CLANG_WARN_BOOL_CONVERSION = YES;
				CLANG_WARN_COMMA = YES;
				CLANG_WARN_CONSTANT_CONVERSION = YES;
				CLANG_WARN_DEPRECATED_OBJC_IMPLEMENTATIONS = YES;
				CLANG_WARN_DIRECT_OBJC_ISA_USAGE = YES_ERROR;
				CLANG_WARN_DOCUMENTATION_COMMENTS = YES;
				CLANG_WARN_EMPTY_BODY = YES;
				CLANG_WARN_ENUM_CONVERSION = YES;
				CLANG_WARN_INFINITE_RECURSION = YES;
				CLANG_WARN_INT_CONVERSION = YES;
				CLANG_WARN_NON_LITERAL_NULL_CONVERSION = YES;
				CLANG_WARN_OBJC_IMPLICIT_RETAIN_SELF = YES;
				CLANG_WARN_OBJC_LITERAL_CONVERSION = YES;
				CLANG_WARN_OBJC_ROOT_CLASS = YES_ERROR;
				CLANG_WARN_RANGE_LOOP_ANALYSIS = YES;
				CLANG_WARN_STRICT_PROTOTYPES = YES;
				CLANG_WARN_SUSPICIOUS_MOVE = YES;
				CLANG_WARN_UNGUARDED_AVAILABILITY = YES_AGGRESSIVE;
				CLANG_WARN_UNREACHABLE_CODE = YES;
				CLANG_WARN__DUPLICATE_METHOD_MATCH = YES;
				COPY_PHASE_STRIP = NO;
				DEBUG_INFORMATION_FORMAT = "dwarf-with-dsym";
				ENABLE_NS_ASSERTIONS = NO;
				ENABLE_STRICT_OBJC_MSGSEND = YES;
				GCC_C_LANGUAGE_STANDARD = gnu11;
				GCC_NO_COMMON_BLOCKS = YES;
				GCC_WARN_64_TO_32_BIT_CONVERSION = YES;
				GCC_WARN_ABOUT_RETURN_TYPE = YES_ERROR;
				GCC_WARN_UNDECLARED_SELECTOR = YES;
				GCC_WARN_UNINITIALIZED_AUTOS = YES_AGGRESSIVE;
				GCC_WARN_UNUSED_FUNCTION = YES;
				GCC_WARN_UNUSED_VARIABLE = YES;
				IPHONEOS_DEPLOYMENT_TARGET = 13.2;
				MTL_ENABLE_DEBUG_INFO = NO;
				MTL_FAST_MATH = YES;
				SDKROOT = iphoneos;
				SWIFT_COMPILATION_MODE = wholemodule;
				SWIFT_OPTIMIZATION_LEVEL = "-O";
				VALIDATE_PRODUCT = YES;
			};
			name = Release;
		};
		C5D0FD7923AA6D9F00D7CF02 /* Debug */ = {
			isa = XCBuildConfiguration;
			baseConfigurationReference = 9FFB626795544113C270A45B /* Pods-Radity.debug.xcconfig */;
			buildSettings = {
				ASSETCATALOG_COMPILER_APPICON_NAME = AppIcon;
				CODE_SIGN_STYLE = Automatic;
				INFOPLIST_FILE = Radity/Info.plist;
				IPHONEOS_DEPLOYMENT_TARGET = 13.2;
				LD_RUNPATH_SEARCH_PATHS = (
					"$(inherited)",
					"@executable_path/Frameworks",
				);
				PRODUCT_BUNDLE_IDENTIFIER = com.citiustech.Radity;
				PRODUCT_NAME = "$(TARGET_NAME)";
				SWIFT_VERSION = 5.0;
				TARGETED_DEVICE_FAMILY = "1,2";
			};
			name = Debug;
		};
		C5D0FD7A23AA6D9F00D7CF02 /* Release */ = {
			isa = XCBuildConfiguration;
			baseConfigurationReference = 93E416CFC32B6FE34292FC37 /* Pods-Radity.release.xcconfig */;
			buildSettings = {
				ASSETCATALOG_COMPILER_APPICON_NAME = AppIcon;
				CODE_SIGN_STYLE = Automatic;
				INFOPLIST_FILE = Radity/Info.plist;
				IPHONEOS_DEPLOYMENT_TARGET = 13.2;
				LD_RUNPATH_SEARCH_PATHS = (
					"$(inherited)",
					"@executable_path/Frameworks",
				);
				PRODUCT_BUNDLE_IDENTIFIER = com.citiustech.Radity;
				PRODUCT_NAME = "$(TARGET_NAME)";
				SWIFT_VERSION = 5.0;
				TARGETED_DEVICE_FAMILY = "1,2";
			};
			name = Release;
		};
/* End XCBuildConfiguration section */

/* Begin XCConfigurationList section */
		C5D0FD5F23AA6D9C00D7CF02 /* Build configuration list for PBXProject "Radity" */ = {
			isa = XCConfigurationList;
			buildConfigurations = (
				C5D0FD7623AA6D9F00D7CF02 /* Debug */,
				C5D0FD7723AA6D9F00D7CF02 /* Release */,
			);
			defaultConfigurationIsVisible = 0;
			defaultConfigurationName = Release;
		};
		C5D0FD7823AA6D9F00D7CF02 /* Build configuration list for PBXNativeTarget "Radity" */ = {
			isa = XCConfigurationList;
			buildConfigurations = (
				C5D0FD7923AA6D9F00D7CF02 /* Debug */,
				C5D0FD7A23AA6D9F00D7CF02 /* Release */,
			);
			defaultConfigurationIsVisible = 0;
			defaultConfigurationName = Release;
		};
/* End XCConfigurationList section */
	};
	rootObject = C5D0FD5C23AA6D9C00D7CF02 /* Project object */;
}
